{
  "requires": true,
  "lockfileVersion": 1,
  "dependencies": {
    "moment": {
      "version": "2.29.1",
      "resolved": "https://registry.npmjs.org/moment/-/moment-2.29.1.tgz",
      "integrity": "sha512-kHmoybcPV8Sqy59DwNDY3Jefr64lK/by/da0ViFcuA4DH0vQg5Q6Ze5VimxkfQNSC+Mls/Kx53s7TjP1RhFEDQ=="
    },
    "select2-theme-bootstrap4": {
      "version": "1.0.0",
      "resolved": "https://registry.npmjs.org/select2-theme-bootstrap4/-/select2-theme-bootstrap4-1.0.0.tgz",
      "integrity": "sha512-WJH1GMnHir+/EnW7ANZq2VfmRGXWNEySPULQ+zCcVRyVs3B1qyLZ0XFflZNo1FlbxYxBsIQH6QsqnNEyNudU1g=="
    }
  }
}
